
Microsoft Visual Studio Solution File, Format Version 12.00
# Visual Studio Version 17
VisualStudioVersion = 17.6.33829.357
MinimumVisualStudioVersion = 10.0.40219.1
Project("{FAE04EC0-301F-11D3-BF4B-00C04F79EFBC}") = "prjAjaxHomework", "prjAjaxHomework\prjAjaxHomework.csproj", "{A8F80224-5C37-48BD-986D-83C93004FCCE}"
EndProject
Global
	GlobalSection(SolutionConfigurationPlatforms) = preSolution
		Debug|Any CPU = Debug|Any CPU
		Release|Any CPU = Release|Any CPU
	EndGlobalSection
	GlobalSection(ProjectConfigurationPlatforms) = postSolution
		{A8F80224-5C37-48BD-986D-83C93004FCCE}.Debug|Any CPU.ActiveCfg = Debug|Any CPU
		{A8F80224-5C37-48BD-986D-83C93004FCCE}.Debug|Any CPU.Build.0 = Debug|Any CPU
		{A8F80224-5C37-48BD-986D-83C93004FCCE}.Release|Any CPU.ActiveCfg = Release|Any CPU
		{A8F80224-5C37-48BD-986D-83C93004FCCE}.Release|Any CPU.Build.0 = Release|Any CPU
	EndGlobalSection
	GlobalSection(SolutionProperties) = preSolution
		HideSolutionNode = FALSE
	EndGlobalSection
	GlobalSection(ExtensibilityGlobals) = postSolution
		SolutionGuid = {44F0DFD5-0919-4A41-8BC2-50EA48147EF1}
	EndGlobalSection
EndGlobal
